
Microsoft Visual Studio Solution File, Format Version 12.00
# Visual Studio Version 16
VisualStudioVersion = 16.0.31019.35
MinimumVisualStudioVersion = 10.0.40219.1
Project("{2150E333-8FDC-42A3-9474-1A3956D46DE8}") = "Core", "Core", "{122458A5-F09F-4AED-B1F0-E921A3B3DB5F}"
EndProject
Project("{2150E333-8FDC-42A3-9474-1A3956D46DE8}") = "Infrastructure", "Infrastructure", "{E71C0031-4DA5-47FC-A654-445BF25AD727}"
EndProject
Project("{FAE04EC0-301F-11D3-BF4B-00C04F79EFBC}") = "Contracts", "Contracts\Contracts.csproj", "{6B07B9A4-27D0-445D-A9FE-796F7BEFD06A}"
EndProject
Project("{FAE04EC0-301F-11D3-BF4B-00C04F79EFBC}") = "Domain", "Domain\Domain.csproj", "{803DB6E0-C6D5-476B-A672-AAACD7FF7153}"
EndProject
Project("{FAE04EC0-301F-11D3-BF4B-00C04F79EFBC}") = "Services", "Services\Services.csproj", "{5D66F355-2758-4D28-AF6E-A55C5C583CEC}"
EndProject
Project("{FAE04EC0-301F-11D3-BF4B-00C04F79EFBC}") = "Services.Abstractions", "Services.Abstractions\Services.Abstractions.csproj", "{B0269F64-EA68-4EEA-82C7-4BECE7377DE2}"
EndProject
Project("{FAE04EC0-301F-11D3-BF4B-00C04F79EFBC}") = "Persistence", "Persistence\Persistence.csproj", "{16001133-C6B1-4E1C-AD70-B07D8606F9C9}"
EndProject
Project("{FAE04EC0-301F-11D3-BF4B-00C04F79EFBC}") = "Presentation", "Presentation\Presentation.csproj", "{F38D8B40-785A-44E8-87C4-86ED086307E6}"
EndProject
Project("{FAE04EC0-301F-11D3-BF4B-00C04F79EFBC}") = "WebApplication", "WebApplication\WebApplication.csproj", "{9A6BA1A0-34C5-42FA-A0F4-3189B7616AD2}"
EndProject
Global
	GlobalSection(SolutionConfigurationPlatforms) = preSolution
		Debug|Any CPU = Debug|Any CPU
		Release|Any CPU = Release|Any CPU
	EndGlobalSection
	GlobalSection(ProjectConfigurationPlatforms) = postSolution
		{6B07B9A4-27D0-445D-A9FE-796F7BEFD06A}.Debug|Any CPU.ActiveCfg = Debug|Any CPU
		{6B07B9A4-27D0-445D-A9FE-796F7BEFD06A}.Debug|Any CPU.Build.0 = Debug|Any CPU
		{6B07B9A4-27D0-445D-A9FE-796F7BEFD06A}.Release|Any CPU.ActiveCfg = Release|Any CPU
		{6B07B9A4-27D0-445D-A9FE-796F7BEFD06A}.Release|Any CPU.Build.0 = Release|Any CPU
		{803DB6E0-C6D5-476B-A672-AAACD7FF7153}.Debug|Any CPU.ActiveCfg = Debug|Any CPU
		{803DB6E0-C6D5-476B-A672-AAACD7FF7153}.Debug|Any CPU.Build.0 = Debug|Any CPU
		{803DB6E0-C6D5-476B-A672-AAACD7FF7153}.Release|Any CPU.ActiveCfg = Release|Any CPU
		{803DB6E0-C6D5-476B-A672-AAACD7FF7153}.Release|Any CPU.Build.0 = Release|Any CPU
		{5D66F355-2758-4D28-AF6E-A55C5C583CEC}.Debug|Any CPU.ActiveCfg = Debug|Any CPU
		{5D66F355-2758-4D28-AF6E-A55C5C583CEC}.Debug|Any CPU.Build.0 = Debug|Any CPU
		{5D66F355-2758-4D28-AF6E-A55C5C583CEC}.Release|Any CPU.ActiveCfg = Release|Any CPU
		{5D66F355-2758-4D28-AF6E-A55C5C583CEC}.Release|Any CPU.Build.0 = Release|Any CPU
		{B0269F64-EA68-4EEA-82C7-4BECE7377DE2}.Debug|Any CPU.ActiveCfg = Debug|Any CPU
		{B0269F64-EA68-4EEA-82C7-4BECE7377DE2}.Debug|Any CPU.Build.0 = Debug|Any CPU
		{B0269F64-EA68-4EEA-82C7-4BECE7377DE2}.Release|Any CPU.ActiveCfg = Release|Any CPU
		{B0269F64-EA68-4EEA-82C7-4BECE7377DE2}.Release|Any CPU.Build.0 = Release|Any CPU
		{16001133-C6B1-4E1C-AD70-B07D8606F9C9}.Debug|Any CPU.ActiveCfg = Debug|Any CPU
		{16001133-C6B1-4E1C-AD70-B07D8606F9C9}.Debug|Any CPU.Build.0 = Debug|Any CPU
		{16001133-C6B1-4E1C-AD70-B07D8606F9C9}.Release|Any CPU.ActiveCfg = Release|Any CPU
		{16001133-C6B1-4E1C-AD70-B07D8606F9C9}.Release|Any CPU.Build.0 = Release|Any CPU
		{F38D8B40-785A-44E8-87C4-86ED086307E6}.Debug|Any CPU.ActiveCfg = Debug|Any CPU
		{F38D8B40-785A-44E8-87C4-86ED086307E6}.Debug|Any CPU.Build.0 = Debug|Any CPU
		{F38D8B40-785A-44E8-87C4-86ED086307E6}.Release|Any CPU.ActiveCfg = Release|Any CPU
		{F38D8B40-785A-44E8-87C4-86ED086307E6}.Release|Any CPU.Build.0 = Release|Any CPU
		{9A6BA1A0-34C5-42FA-A0F4-3189B7616AD2}.Debug|Any CPU.ActiveCfg = Debug|Any CPU
		{9A6BA1A0-34C5-42FA-A0F4-3189B7616AD2}.Debug|Any CPU.Build.0 = Debug|Any CPU
		{9A6BA1A0-34C5-42FA-A0F4-3189B7616AD2}.Release|Any CPU.ActiveCfg = Release|Any CPU
		{9A6BA1A0-34C5-42FA-A0F4-3189B7616AD2}.Release|Any CPU.Build.0 = Release|Any CPU
	EndGlobalSection
	GlobalSection(SolutionProperties) = preSolution
		HideSolutionNode = FALSE
	EndGlobalSection
	GlobalSection(NestedProjects) = preSolution
		{6B07B9A4-27D0-445D-A9FE-796F7BEFD06A} = {122458A5-F09F-4AED-B1F0-E921A3B3DB5F}
		{803DB6E0-C6D5-476B-A672-AAACD7FF7153} = {122458A5-F09F-4AED-B1F0-E921A3B3DB5F}
		{5D66F355-2758-4D28-AF6E-A55C5C583CEC} = {122458A5-F09F-4AED-B1F0-E921A3B3DB5F}
		{B0269F64-EA68-4EEA-82C7-4BECE7377DE2} = {122458A5-F09F-4AED-B1F0-E921A3B3DB5F}
		{16001133-C6B1-4E1C-AD70-B07D8606F9C9} = {E71C0031-4DA5-47FC-A654-445BF25AD727}
		{F38D8B40-785A-44E8-87C4-86ED086307E6} = {E71C0031-4DA5-47FC-A654-445BF25AD727}
	EndGlobalSection
	GlobalSection(ExtensibilityGlobals) = postSolution
		SolutionGuid = {1EA11AA8-9FA5-4115-BDD4-8A9F7B936125}
	EndGlobalSection
EndGlobal
